
Microsoft Visual Studio Solution File, Format Version 12.00
# Visual Studio Version 17
VisualStudioVersion = 17.2.32519.379
MinimumVisualStudioVersion = 10.0.40219.1
Project("{FAE04EC0-301F-11D3-BF4B-00C04F79EFBC}") = "ConsoleApp1", "ConsoleApp1\ConsoleApp1.csproj", "{2032A8C7-48EE-4778-80CE-6E1A8601F256}"
EndProject
Global
	GlobalSection(SolutionConfigurationPlatforms) = preSolution
		Debug|Any CPU = Debug|Any CPU
		Release|Any CPU = Release|Any CPU
	EndGlobalSection
	GlobalSection(ProjectConfigurationPlatforms) = postSolution
		{2032A8C7-48EE-4778-80CE-6E1A8601F256}.Debug|Any CPU.ActiveCfg = Debug|Any CPU
		{2032A8C7-48EE-4778-80CE-6E1A8601F256}.Debug|Any CPU.Build.0 = Debug|Any CPU
		{2032A8C7-48EE-4778-80CE-6E1A8601F256}.Release|Any CPU.ActiveCfg = Release|Any CPU
		{2032A8C7-48EE-4778-80CE-6E1A8601F256}.Release|Any CPU.Build.0 = Release|Any CPU
	EndGlobalSection
	GlobalSection(SolutionProperties) = preSolution
		HideSolutionNode = FALSE
	EndGlobalSection
	GlobalSection(ExtensibilityGlobals) = postSolution
		SolutionGuid = {FC608717-5AE1-4DDD-87E0-37EEB7D80F42}
	EndGlobalSection
EndGlobal
